
Microsoft Visual Studio Solution File, Format Version 12.00
# Visual Studio Express 2012 for Windows Desktop
Project("{F184B08F-C81C-45F6-A57F-5ABD9991F28F}") = "Windowed OS", "Windowed OS\Windowed OS.vbproj", "{0A225F2C-192F-45C7-89AB-233848E7CB13}"
EndProject
Project("{FAE04EC0-301F-11D3-BF4B-00C04F79EFBC}") = "FirmwareUpdater", "FirmwareUpdater\FirmwareUpdater.csproj", "{DF3B1171-5F77-418F-994E-ED291503D4F2}"
EndProject
Global
	GlobalSection(SolutionConfigurationPlatforms) = preSolution
		Debug|Any CPU = Debug|Any CPU
		Release|Any CPU = Release|Any CPU
	EndGlobalSection
	GlobalSection(ProjectConfigurationPlatforms) = postSolution
		{0A225F2C-192F-45C7-89AB-233848E7CB13}.Debug|Any CPU.ActiveCfg = Debug|x86
		{0A225F2C-192F-45C7-89AB-233848E7CB13}.Debug|Any CPU.Build.0 = Debug|x86
		{0A225F2C-192F-45C7-89AB-233848E7CB13}.Release|Any CPU.ActiveCfg = Release|x86
		{0A225F2C-192F-45C7-89AB-233848E7CB13}.Release|Any CPU.Build.0 = Release|x86
		{DF3B1171-5F77-418F-994E-ED291503D4F2}.Debug|Any CPU.ActiveCfg = Debug|Any CPU
		{DF3B1171-5F77-418F-994E-ED291503D4F2}.Debug|Any CPU.Build.0 = Debug|Any CPU
		{DF3B1171-5F77-418F-994E-ED291503D4F2}.Release|Any CPU.ActiveCfg = Release|Any CPU
		{DF3B1171-5F77-418F-994E-ED291503D4F2}.Release|Any CPU.Build.0 = Release|Any CPU
	EndGlobalSection
	GlobalSection(SolutionProperties) = preSolution
		HideSolutionNode = FALSE
	EndGlobalSection
EndGlobal
